
Microsoft Visual Studio Solution File, Format Version 12.00
# Visual Studio 15
VisualStudioVersion = 15.0.27428.2043
MinimumVisualStudioVersion = 10.0.40219.1
Project("{2150E333-8FDC-42A3-9474-1A3956D46DE8}") = "CGC_GM_BE.Testing", "CGC_GM_BE.Testing", "{B0232342-AB49-43A2-A717-F07855082851}"
EndProject
Project("{2150E333-8FDC-42A3-9474-1A3956D46DE8}") = "CGC_GM_BE.Common", "CGC_GM_BE.Common", "{5F80AACA-9826-431C-BA55-99D0E855850A}"
EndProject
Project("{2150E333-8FDC-42A3-9474-1A3956D46DE8}") = "CGC_GM_BE.Services", "CGC_GM_BE.Services", "{50F3EA86-2CBE-4034-9DCF-4ED30697CF04}"
EndProject
Project("{FAE04EC0-301F-11D3-BF4B-00C04F79EFBC}") = "CGC_GM_BE.Common.Entities", "CGC_GM_BE.Common\CGC_GM_BE.Common.Entities\CGC_GM_BE.Common.Entities.csproj", "{FB52180A-FED2-415B-9230-3EEEAB2DD7C9}"
EndProject
Project("{FAE04EC0-301F-11D3-BF4B-00C04F79EFBC}") = "CGC_GM_BE.Business", "CGC_GM_BE.Business\CGC_GM_BE.Business.csproj", "{2ECEC39A-6E88-45CF-B1C8-F26ED3EB7C3D}"
EndProject
Project("{FAE04EC0-301F-11D3-BF4B-00C04F79EFBC}") = "CGC_GM_BE.DataAccess", "CGC_GM_BE.DataAccess\CGC_GM_BE.DataAccess.csproj", "{36E15E1A-5B62-49C7-8718-CB674F8A3C3D}"
EndProject
Project("{FAE04EC0-301F-11D3-BF4B-00C04F79EFBC}") = "CGC_GM_BE.Services.Metadata", "CGC_GM_BE.Services\CGC_GM_BE.Services.Metadata\CGC_GM_BE.Services.Metadata.csproj", "{1242CDE5-4ABD-48DB-8F10-108D6AF75637}"
EndProject
Project("{FAE04EC0-301F-11D3-BF4B-00C04F79EFBC}") = "CGC_GM_BE.Common.Exceptions", "CGC_GM_BE.Common\CGC_GM_BE.Common.Exceptions\CGC_GM_BE.Common.Exceptions.csproj", "{F56B77A9-D0F8-4052-BB0A-8DF644A097F2}"
EndProject
Project("{FAE04EC0-301F-11D3-BF4B-00C04F79EFBC}") = "CGC_GM_BE.Testing.Business", "CGC_GM_BE.Testing\CGC_GM_BE.Testing.Business\CGC_GM_BE.Testing.Business.csproj", "{297C60B0-C378-4315-9895-311C19DCDD13}"
EndProject
Project("{FAE04EC0-301F-11D3-BF4B-00C04F79EFBC}") = "CGC_GM_BE.Services.ServiceTimeManagerApi", "CGC_GM_BE.Services\CGC_GM_BE.Services.ServiceTimeManagerApi\CGC_GM_BE.Services.ServiceTimeManagerApi.csproj", "{D25E79CB-7FC7-411F-B35F-2085CF7E5A9B}"
EndProject
Project("{2150E333-8FDC-42A3-9474-1A3956D46DE8}") = "Solution Items", "Solution Items", "{B0F7F91E-291A-430A-A3C7-4EAD4C500CBE}"
EndProject
Global
	GlobalSection(Performance) = preSolution
		HasPerformanceSessions = true
	EndGlobalSection
	GlobalSection(SolutionConfigurationPlatforms) = preSolution
		Debug|Any CPU = Debug|Any CPU
		Release|Any CPU = Release|Any CPU
	EndGlobalSection
	GlobalSection(ProjectConfigurationPlatforms) = postSolution
		{FB52180A-FED2-415B-9230-3EEEAB2DD7C9}.Debug|Any CPU.ActiveCfg = Debug|Any CPU
		{FB52180A-FED2-415B-9230-3EEEAB2DD7C9}.Debug|Any CPU.Build.0 = Debug|Any CPU
		{FB52180A-FED2-415B-9230-3EEEAB2DD7C9}.Release|Any CPU.ActiveCfg = Release|Any CPU
		{FB52180A-FED2-415B-9230-3EEEAB2DD7C9}.Release|Any CPU.Build.0 = Release|Any CPU
		{2ECEC39A-6E88-45CF-B1C8-F26ED3EB7C3D}.Debug|Any CPU.ActiveCfg = Debug|Any CPU
		{2ECEC39A-6E88-45CF-B1C8-F26ED3EB7C3D}.Debug|Any CPU.Build.0 = Debug|Any CPU
		{2ECEC39A-6E88-45CF-B1C8-F26ED3EB7C3D}.Release|Any CPU.ActiveCfg = Release|Any CPU
		{2ECEC39A-6E88-45CF-B1C8-F26ED3EB7C3D}.Release|Any CPU.Build.0 = Release|Any CPU
		{36E15E1A-5B62-49C7-8718-CB674F8A3C3D}.Debug|Any CPU.ActiveCfg = Debug|Any CPU
		{36E15E1A-5B62-49C7-8718-CB674F8A3C3D}.Debug|Any CPU.Build.0 = Debug|Any CPU
		{36E15E1A-5B62-49C7-8718-CB674F8A3C3D}.Release|Any CPU.ActiveCfg = Release|Any CPU
		{36E15E1A-5B62-49C7-8718-CB674F8A3C3D}.Release|Any CPU.Build.0 = Release|Any CPU
		{1242CDE5-4ABD-48DB-8F10-108D6AF75637}.Debug|Any CPU.ActiveCfg = Debug|Any CPU
		{1242CDE5-4ABD-48DB-8F10-108D6AF75637}.Debug|Any CPU.Build.0 = Debug|Any CPU
		{1242CDE5-4ABD-48DB-8F10-108D6AF75637}.Release|Any CPU.ActiveCfg = Release|Any CPU
		{1242CDE5-4ABD-48DB-8F10-108D6AF75637}.Release|Any CPU.Build.0 = Release|Any CPU
		{F56B77A9-D0F8-4052-BB0A-8DF644A097F2}.Debug|Any CPU.ActiveCfg = Debug|Any CPU
		{F56B77A9-D0F8-4052-BB0A-8DF644A097F2}.Debug|Any CPU.Build.0 = Debug|Any CPU
		{F56B77A9-D0F8-4052-BB0A-8DF644A097F2}.Release|Any CPU.ActiveCfg = Release|Any CPU
		{F56B77A9-D0F8-4052-BB0A-8DF644A097F2}.Release|Any CPU.Build.0 = Release|Any CPU
		{297C60B0-C378-4315-9895-311C19DCDD13}.Debug|Any CPU.ActiveCfg = Debug|Any CPU
		{297C60B0-C378-4315-9895-311C19DCDD13}.Debug|Any CPU.Build.0 = Debug|Any CPU
		{297C60B0-C378-4315-9895-311C19DCDD13}.Release|Any CPU.ActiveCfg = Release|Any CPU
		{297C60B0-C378-4315-9895-311C19DCDD13}.Release|Any CPU.Build.0 = Release|Any CPU
		{D25E79CB-7FC7-411F-B35F-2085CF7E5A9B}.Debug|Any CPU.ActiveCfg = Debug|Any CPU
		{D25E79CB-7FC7-411F-B35F-2085CF7E5A9B}.Debug|Any CPU.Build.0 = Debug|Any CPU
		{D25E79CB-7FC7-411F-B35F-2085CF7E5A9B}.Release|Any CPU.ActiveCfg = Release|Any CPU
		{D25E79CB-7FC7-411F-B35F-2085CF7E5A9B}.Release|Any CPU.Build.0 = Release|Any CPU
	EndGlobalSection
	GlobalSection(SolutionProperties) = preSolution
		HideSolutionNode = FALSE
	EndGlobalSection
	GlobalSection(NestedProjects) = preSolution
		{FB52180A-FED2-415B-9230-3EEEAB2DD7C9} = {5F80AACA-9826-431C-BA55-99D0E855850A}
		{1242CDE5-4ABD-48DB-8F10-108D6AF75637} = {50F3EA86-2CBE-4034-9DCF-4ED30697CF04}
		{F56B77A9-D0F8-4052-BB0A-8DF644A097F2} = {5F80AACA-9826-431C-BA55-99D0E855850A}
		{297C60B0-C378-4315-9895-311C19DCDD13} = {B0232342-AB49-43A2-A717-F07855082851}
		{D25E79CB-7FC7-411F-B35F-2085CF7E5A9B} = {50F3EA86-2CBE-4034-9DCF-4ED30697CF04}
	EndGlobalSection
	GlobalSection(ExtensibilityGlobals) = postSolution
		SolutionGuid = {73464A0B-4DF9-44AA-86E2-BBA5F8DBD165}
	EndGlobalSection
EndGlobal
