
Microsoft Visual Studio Solution File, Format Version 12.00
# Visual Studio 15
VisualStudioVersion = 15.0.27428.2043
MinimumVisualStudioVersion = 10.0.40219.1
Project("{FAE04EC0-301F-11D3-BF4B-00C04F79EFBC}") = "CGC_GM_FE.Common", "CGC_GM_FE.Common\CGC_GM_FE.Common.csproj", "{EDD1F978-8A94-41AF-8B0F-1B4D9FC6837B}"
EndProject
Project("{FAE04EC0-301F-11D3-BF4B-00C04F79EFBC}") = "CGC_GM_FE.WebApiRestClient", "CGC_GM_FE.WebApiRestClient\CGC_GM_FE.WebApiRestClient.csproj", "{ADF0D840-1C21-4A83-9EE2-C1DB544D3E52}"
EndProject
Project("{FAE04EC0-301F-11D3-BF4B-00C04F79EFBC}") = "CGC_GM_FE.WebAppMVC", "CGC_GM_FE.WebAppMVC\CGC_GM_FE.WebAppMVC.csproj", "{8F95722F-1440-4A91-AAA1-5CF784E85838}"
EndProject
Global
	GlobalSection(SolutionConfigurationPlatforms) = preSolution
		Debug|Any CPU = Debug|Any CPU
		Release|Any CPU = Release|Any CPU
	EndGlobalSection
	GlobalSection(ProjectConfigurationPlatforms) = postSolution
		{EDD1F978-8A94-41AF-8B0F-1B4D9FC6837B}.Debug|Any CPU.ActiveCfg = Debug|Any CPU
		{EDD1F978-8A94-41AF-8B0F-1B4D9FC6837B}.Debug|Any CPU.Build.0 = Debug|Any CPU
		{EDD1F978-8A94-41AF-8B0F-1B4D9FC6837B}.Release|Any CPU.ActiveCfg = Release|Any CPU
		{EDD1F978-8A94-41AF-8B0F-1B4D9FC6837B}.Release|Any CPU.Build.0 = Release|Any CPU
		{ADF0D840-1C21-4A83-9EE2-C1DB544D3E52}.Debug|Any CPU.ActiveCfg = Debug|Any CPU
		{ADF0D840-1C21-4A83-9EE2-C1DB544D3E52}.Debug|Any CPU.Build.0 = Debug|Any CPU
		{ADF0D840-1C21-4A83-9EE2-C1DB544D3E52}.Release|Any CPU.ActiveCfg = Release|Any CPU
		{ADF0D840-1C21-4A83-9EE2-C1DB544D3E52}.Release|Any CPU.Build.0 = Release|Any CPU
		{8F95722F-1440-4A91-AAA1-5CF784E85838}.Debug|Any CPU.ActiveCfg = Debug|Any CPU
		{8F95722F-1440-4A91-AAA1-5CF784E85838}.Debug|Any CPU.Build.0 = Debug|Any CPU
		{8F95722F-1440-4A91-AAA1-5CF784E85838}.Release|Any CPU.ActiveCfg = Release|Any CPU
		{8F95722F-1440-4A91-AAA1-5CF784E85838}.Release|Any CPU.Build.0 = Release|Any CPU
	EndGlobalSection
	GlobalSection(SolutionProperties) = preSolution
		HideSolutionNode = FALSE
	EndGlobalSection
	GlobalSection(ExtensibilityGlobals) = postSolution
		SolutionGuid = {B0E5ED76-DC79-4DF4-AC6E-18C18FB8B453}
	EndGlobalSection
EndGlobal
